
Microsoft Visual Studio Solution File, Format Version 12.00
# Visual Studio 2013
VisualStudioVersion = 12.0.21005.1
MinimumVisualStudioVersion = 10.0.40219.1
Project("{FAE04EC0-301F-11D3-BF4B-00C04F79EFBC}") = "Store", "Store\Store.csproj", "{12E59B39-9E7F-4364-B1B5-89A9A5AF586C}"
EndProject
Project("{FAE04EC0-301F-11D3-BF4B-00C04F79EFBC}") = "Store.NHibernate", "Store.NHibernate\Store.NHibernate.csproj", "{2CC9A6F9-B66C-4EBE-91D1-214E16BBB016}"
EndProject
Project("{FAE04EC0-301F-11D3-BF4B-00C04F79EFBC}") = "Store.Web", "Store.Web\Store.Web.csproj", "{35866628-C1D6-4CA4-822D-F73298822996}"
EndProject
Project("{FAE04EC0-301F-11D3-BF4B-00C04F79EFBC}") = "Store.WinForms", "Store.WinForms\Store.WinForms.csproj", "{ECFFEE08-BEA9-4999-8E7B-0C85AA2DEE2E}"
EndProject
Project("{FAE04EC0-301F-11D3-BF4B-00C04F79EFBC}") = "Store.Services", "Store.Services\Store.Services.csproj", "{D3009B9E-B4C1-4D81-8162-33FE82A03FCB}"
EndProject
Global
	GlobalSection(SolutionConfigurationPlatforms) = preSolution
		Debug|Any CPU = Debug|Any CPU
		Release|Any CPU = Release|Any CPU
	EndGlobalSection
	GlobalSection(ProjectConfigurationPlatforms) = postSolution
		{12E59B39-9E7F-4364-B1B5-89A9A5AF586C}.Debug|Any CPU.ActiveCfg = Debug|Any CPU
		{12E59B39-9E7F-4364-B1B5-89A9A5AF586C}.Debug|Any CPU.Build.0 = Debug|Any CPU
		{12E59B39-9E7F-4364-B1B5-89A9A5AF586C}.Release|Any CPU.ActiveCfg = Release|Any CPU
		{12E59B39-9E7F-4364-B1B5-89A9A5AF586C}.Release|Any CPU.Build.0 = Release|Any CPU
		{2CC9A6F9-B66C-4EBE-91D1-214E16BBB016}.Debug|Any CPU.ActiveCfg = Debug|Any CPU
		{2CC9A6F9-B66C-4EBE-91D1-214E16BBB016}.Debug|Any CPU.Build.0 = Debug|Any CPU
		{2CC9A6F9-B66C-4EBE-91D1-214E16BBB016}.Release|Any CPU.ActiveCfg = Release|Any CPU
		{2CC9A6F9-B66C-4EBE-91D1-214E16BBB016}.Release|Any CPU.Build.0 = Release|Any CPU
		{35866628-C1D6-4CA4-822D-F73298822996}.Debug|Any CPU.ActiveCfg = Debug|Any CPU
		{35866628-C1D6-4CA4-822D-F73298822996}.Debug|Any CPU.Build.0 = Debug|Any CPU
		{35866628-C1D6-4CA4-822D-F73298822996}.Release|Any CPU.ActiveCfg = Release|Any CPU
		{35866628-C1D6-4CA4-822D-F73298822996}.Release|Any CPU.Build.0 = Release|Any CPU
		{ECFFEE08-BEA9-4999-8E7B-0C85AA2DEE2E}.Debug|Any CPU.ActiveCfg = Debug|Any CPU
		{ECFFEE08-BEA9-4999-8E7B-0C85AA2DEE2E}.Debug|Any CPU.Build.0 = Debug|Any CPU
		{ECFFEE08-BEA9-4999-8E7B-0C85AA2DEE2E}.Release|Any CPU.ActiveCfg = Release|Any CPU
		{ECFFEE08-BEA9-4999-8E7B-0C85AA2DEE2E}.Release|Any CPU.Build.0 = Release|Any CPU
		{D3009B9E-B4C1-4D81-8162-33FE82A03FCB}.Debug|Any CPU.ActiveCfg = Debug|Any CPU
		{D3009B9E-B4C1-4D81-8162-33FE82A03FCB}.Debug|Any CPU.Build.0 = Debug|Any CPU
		{D3009B9E-B4C1-4D81-8162-33FE82A03FCB}.Release|Any CPU.ActiveCfg = Release|Any CPU
		{D3009B9E-B4C1-4D81-8162-33FE82A03FCB}.Release|Any CPU.Build.0 = Release|Any CPU
	EndGlobalSection
	GlobalSection(SolutionProperties) = preSolution
		HideSolutionNode = FALSE
	EndGlobalSection
EndGlobal
